{
  "name": "gitsage",
  "version": "1.1.0",
  "lockfileVersion": 3,
  "requires": true,
  "packages": {
    "": {
      "name": "gitsage",
      "version": "1.1.0",
      "cpu": [
        "x64",
        "arm64"
      ],
      "funding": [
        {
          "type": "individual",
          "url": "https://github.com/iamAgbaCoder"
        }
      ],
      "hasInstallScript": true,
      "license": "MIT",
      "os": [
        "darwin",
        "linux",
        "win32"
      ],
      "bin": {
        "gitsage": "index.js"
      },
      "engines": {
        "node": ">=14.0.0"
      }
    }
  }
}
